
Microsoft Visual Studio Solution File, Format Version 12.00
# Visual Studio Version 17
VisualStudioVersion = 17.0.31903.59
MinimumVisualStudioVersion = 10.0.40219.1
Project("{FAE04EC0-301F-11D3-BF4B-00C04F79EFBC}") = "Calculator", "Calculator\Calculator.csproj", "{AA335095-7973-4660-B903-7E34DC48A724}"
EndProject
Project("{FAE04EC0-301F-11D3-BF4B-00C04F79EFBC}") = "Calculator.Tests", "Calculator.Tests\Calculator.Tests.csproj", "{56F5350F-6C8F-477C-BF4B-29F6D8E4AFCC}"
EndProject
Global
	GlobalSection(SolutionConfigurationPlatforms) = preSolution
		Debug|Any CPU = Debug|Any CPU
		Release|Any CPU = Release|Any CPU
	EndGlobalSection
	GlobalSection(SolutionProperties) = preSolution
		HideSolutionNode = FALSE
	EndGlobalSection
	GlobalSection(ProjectConfigurationPlatforms) = postSolution
		{AA335095-7973-4660-B903-7E34DC48A724}.Debug|Any CPU.ActiveCfg = Debug|Any CPU
		{AA335095-7973-4660-B903-7E34DC48A724}.Debug|Any CPU.Build.0 = Debug|Any CPU
		{AA335095-7973-4660-B903-7E34DC48A724}.Release|Any CPU.ActiveCfg = Release|Any CPU
		{AA335095-7973-4660-B903-7E34DC48A724}.Release|Any CPU.Build.0 = Release|Any CPU
		{56F5350F-6C8F-477C-BF4B-29F6D8E4AFCC}.Debug|Any CPU.ActiveCfg = Debug|Any CPU
		{56F5350F-6C8F-477C-BF4B-29F6D8E4AFCC}.Debug|Any CPU.Build.0 = Debug|Any CPU
		{56F5350F-6C8F-477C-BF4B-29F6D8E4AFCC}.Release|Any CPU.ActiveCfg = Release|Any CPU
		{56F5350F-6C8F-477C-BF4B-29F6D8E4AFCC}.Release|Any CPU.Build.0 = Release|Any CPU
	EndGlobalSection
EndGlobal
